
Microsoft Visual Studio Solution File, Format Version 12.00
# Visual Studio 14
VisualStudioVersion = 14.0.24720.0
MinimumVisualStudioVersion = 10.0.40219.1
Project("{FAE04EC0-301F-11D3-BF4B-00C04F79EFBC}") = "GrosBrasInc", "GrosBrasInc\GrosBrasInc.csproj", "{F7D624B6-68D2-4727-890A-A6991AC56F2C}"
EndProject
Project("{FAE04EC0-301F-11D3-BF4B-00C04F79EFBC}") = "GrosBrasInc.Tests", "GrosBrasInc.Tests\GrosBrasInc.Tests.csproj", "{A497E63A-56F2-45FC-A3D1-C42CC15EA98F}"
EndProject
Global
	GlobalSection(SolutionConfigurationPlatforms) = preSolution
		Debug|Any CPU = Debug|Any CPU
		Release|Any CPU = Release|Any CPU
	EndGlobalSection
	GlobalSection(ProjectConfigurationPlatforms) = postSolution
		{F7D624B6-68D2-4727-890A-A6991AC56F2C}.Debug|Any CPU.ActiveCfg = Debug|Any CPU
		{F7D624B6-68D2-4727-890A-A6991AC56F2C}.Debug|Any CPU.Build.0 = Debug|Any CPU
		{F7D624B6-68D2-4727-890A-A6991AC56F2C}.Release|Any CPU.ActiveCfg = Release|Any CPU
		{F7D624B6-68D2-4727-890A-A6991AC56F2C}.Release|Any CPU.Build.0 = Release|Any CPU
		{A497E63A-56F2-45FC-A3D1-C42CC15EA98F}.Debug|Any CPU.ActiveCfg = Debug|Any CPU
		{A497E63A-56F2-45FC-A3D1-C42CC15EA98F}.Debug|Any CPU.Build.0 = Debug|Any CPU
		{A497E63A-56F2-45FC-A3D1-C42CC15EA98F}.Release|Any CPU.ActiveCfg = Release|Any CPU
		{A497E63A-56F2-45FC-A3D1-C42CC15EA98F}.Release|Any CPU.Build.0 = Release|Any CPU
	EndGlobalSection
	GlobalSection(SolutionProperties) = preSolution
		HideSolutionNode = FALSE
	EndGlobalSection
EndGlobal
