
Microsoft Visual Studio Solution File, Format Version 12.00
# Visual Studio 14
VisualStudioVersion = 14.0.24720.0
MinimumVisualStudioVersion = 10.0.40219.1
Project("{FAE04EC0-301F-11D3-BF4B-00C04F79EFBC}") = "GrosBrasInc", "GrosBrasInc\GrosBrasInc.csproj", "{C17638D2-0D66-4D1C-8403-FAC3A6B0F1EE}"
EndProject
Project("{FAE04EC0-301F-11D3-BF4B-00C04F79EFBC}") = "GrosBrasInc.Tests", "GrosBrasInc.Tests\GrosBrasInc.Tests.csproj", "{600877CC-8440-4FD2-BF43-0F9EE155A804}"
EndProject
Global
	GlobalSection(SolutionConfigurationPlatforms) = preSolution
		Debug|Any CPU = Debug|Any CPU
		Release|Any CPU = Release|Any CPU
	EndGlobalSection
	GlobalSection(ProjectConfigurationPlatforms) = postSolution
		{C17638D2-0D66-4D1C-8403-FAC3A6B0F1EE}.Debug|Any CPU.ActiveCfg = Debug|Any CPU
		{C17638D2-0D66-4D1C-8403-FAC3A6B0F1EE}.Debug|Any CPU.Build.0 = Debug|Any CPU
		{C17638D2-0D66-4D1C-8403-FAC3A6B0F1EE}.Release|Any CPU.ActiveCfg = Release|Any CPU
		{C17638D2-0D66-4D1C-8403-FAC3A6B0F1EE}.Release|Any CPU.Build.0 = Release|Any CPU
		{600877CC-8440-4FD2-BF43-0F9EE155A804}.Debug|Any CPU.ActiveCfg = Debug|Any CPU
		{600877CC-8440-4FD2-BF43-0F9EE155A804}.Debug|Any CPU.Build.0 = Debug|Any CPU
		{600877CC-8440-4FD2-BF43-0F9EE155A804}.Release|Any CPU.ActiveCfg = Release|Any CPU
		{600877CC-8440-4FD2-BF43-0F9EE155A804}.Release|Any CPU.Build.0 = Release|Any CPU
	EndGlobalSection
	GlobalSection(SolutionProperties) = preSolution
		HideSolutionNode = FALSE
	EndGlobalSection
EndGlobal
